
Microsoft Visual Studio Solution File, Format Version 12.00
# Visual Studio 15
VisualStudioVersion = 15.0.28307.1831
MinimumVisualStudioVersion = 10.0.40219.1
Project("{8BC9CEB8-8B4A-11D0-8D11-00A0C91BC942}") = "MatrixMulMP", "MatrixMulMP\MatrixMulMP.vcxproj", "{AE0872B1-8467-4AE3-8045-B7F5D08DD1F9}"
EndProject
Global
	GlobalSection(SolutionConfigurationPlatforms) = preSolution
		Debug|x64 = Debug|x64
		Debug|x86 = Debug|x86
		Release|x64 = Release|x64
		Release|x86 = Release|x86
	EndGlobalSection
	GlobalSection(ProjectConfigurationPlatforms) = postSolution
		{AE0872B1-8467-4AE3-8045-B7F5D08DD1F9}.Debug|x64.ActiveCfg = Debug|x64
		{AE0872B1-8467-4AE3-8045-B7F5D08DD1F9}.Debug|x64.Build.0 = Debug|x64
		{AE0872B1-8467-4AE3-8045-B7F5D08DD1F9}.Debug|x86.ActiveCfg = Debug|Win32
		{AE0872B1-8467-4AE3-8045-B7F5D08DD1F9}.Debug|x86.Build.0 = Debug|Win32
		{AE0872B1-8467-4AE3-8045-B7F5D08DD1F9}.Release|x64.ActiveCfg = Release|x64
		{AE0872B1-8467-4AE3-8045-B7F5D08DD1F9}.Release|x64.Build.0 = Release|x64
		{AE0872B1-8467-4AE3-8045-B7F5D08DD1F9}.Release|x86.ActiveCfg = Release|Win32
		{AE0872B1-8467-4AE3-8045-B7F5D08DD1F9}.Release|x86.Build.0 = Release|Win32
	EndGlobalSection
	GlobalSection(SolutionProperties) = preSolution
		HideSolutionNode = FALSE
	EndGlobalSection
	GlobalSection(ExtensibilityGlobals) = postSolution
		SolutionGuid = {00A3E0EB-0D7D-4702-98A0-3BFADCF20F10}
	EndGlobalSection
EndGlobal
